
Microsoft Visual Studio Solution File, Format Version 12.00
# Visual Studio 15
VisualStudioVersion = 15.0.27130.2027
MinimumVisualStudioVersion = 10.0.40219.1
Project("{FAE04EC0-301F-11D3-BF4B-00C04F79EFBC}") = "SlumpaGrupper", "SlumpaGrupper\SlumpaGrupper.csproj", "{357B4628-7F9F-44A8-8C41-2E202D5F3B51}"
EndProject
Global
	GlobalSection(SolutionConfigurationPlatforms) = preSolution
		Debug|Any CPU = Debug|Any CPU
		Release|Any CPU = Release|Any CPU
	EndGlobalSection
	GlobalSection(ProjectConfigurationPlatforms) = postSolution
		{357B4628-7F9F-44A8-8C41-2E202D5F3B51}.Debug|Any CPU.ActiveCfg = Debug|Any CPU
		{357B4628-7F9F-44A8-8C41-2E202D5F3B51}.Debug|Any CPU.Build.0 = Debug|Any CPU
		{357B4628-7F9F-44A8-8C41-2E202D5F3B51}.Release|Any CPU.ActiveCfg = Release|Any CPU
		{357B4628-7F9F-44A8-8C41-2E202D5F3B51}.Release|Any CPU.Build.0 = Release|Any CPU
	EndGlobalSection
	GlobalSection(SolutionProperties) = preSolution
		HideSolutionNode = FALSE
	EndGlobalSection
	GlobalSection(ExtensibilityGlobals) = postSolution
		SolutionGuid = {92C19EC6-8466-4B45-8EB9-9135F2DC93D2}
	EndGlobalSection
EndGlobal
